
Microsoft Visual Studio Solution File, Format Version 12.00
# Visual Studio Version 17
VisualStudioVersion = 17.9.34607.119
MinimumVisualStudioVersion = 10.0.40219.1
Project("{FAE04EC0-301F-11D3-BF4B-00C04F79EFBC}") = "Learn  C# Basics", "Learn  C# Basics.csproj", "{02FE6E80-FFA4-48CB-9B68-AC051C8A50C0}"
EndProject
Global
	GlobalSection(SolutionConfigurationPlatforms) = preSolution
		Debug|Any CPU = Debug|Any CPU
		Release|Any CPU = Release|Any CPU
	EndGlobalSection
	GlobalSection(ProjectConfigurationPlatforms) = postSolution
		{02FE6E80-FFA4-48CB-9B68-AC051C8A50C0}.Debug|Any CPU.ActiveCfg = Debug|Any CPU
		{02FE6E80-FFA4-48CB-9B68-AC051C8A50C0}.Debug|Any CPU.Build.0 = Debug|Any CPU
		{02FE6E80-FFA4-48CB-9B68-AC051C8A50C0}.Release|Any CPU.ActiveCfg = Release|Any CPU
		{02FE6E80-FFA4-48CB-9B68-AC051C8A50C0}.Release|Any CPU.Build.0 = Release|Any CPU
	EndGlobalSection
	GlobalSection(SolutionProperties) = preSolution
		HideSolutionNode = FALSE
	EndGlobalSection
	GlobalSection(ExtensibilityGlobals) = postSolution
		SolutionGuid = {A22AE4A2-28D8-4F56-8BD2-F03CC0A1C58B}
	EndGlobalSection
EndGlobal
